// !$*UTF8*$!
{
	archiveVersion = 1;
	classes = {
	};
	objectVersion = 50;
	objects = {

/* Begin PBXGroup section */
		B921B8D320D49502005498A3 = {
			isa = PBXGroup;
			children = (
			);
			sourceTree = "<group>";
		};
/* End PBXGroup section */

/* Begin PBXProject section */
		B921B8D420D49502005498A3 /* Project object */ = {
			isa = PBXProject;
			attributes = {
				LastUpgradeCheck = 0940;
			};
			buildConfigurationList = B921B8D720D49502005498A3 /* Build configuration list for PBXProject "LinuxSecurity" */;
			compatibilityVersion = "Xcode 9.3";
			developmentRegion = en;
			hasScannedForEncodings = 0;
			knownRegions = (
				en,
			);
			mainGroup = B921B8D320D49502005498A3;
			projectDirPath = "";
			projectRoot = "";
			targets = (
			);
		};
/* End PBXProject section */

/* Begin XCBuildConfiguration section */
		B921B8D820D49502005498A3 /* Debug */ = {
			isa = XCBuildConfiguration;
			buildSettings = {
			};
			name = Debug;
		};
		B921B8D920D49502005498A3 /* Release */ = {
			isa = XCBuildConfiguration;
			buildSettings = {
			};
			name = Release;
		};
/* End XCBuildConfiguration section */

/* Begin XCConfigurationList section */
		B921B8D720D49502005498A3 /* Build configuration list for PBXProject "LinuxSecurity" */ = {
			isa = XCConfigurationList;
			buildConfigurations = (
				B921B8D820D49502005498A3 /* Debug */,
				B921B8D920D49502005498A3 /* Release */,
			);
			defaultConfigurationIsVisible = 0;
			defaultConfigurationName = Release;
		};
/* End XCConfigurationList section */
	};
	rootObject = B921B8D420D49502005498A3 /* Project object */;
}
