// !$*UTF8*$!
{
	archiveVersion = 1;
	classes = {
	};
	objectVersion = 50;
	objects = {

/* Begin PBXFileReference section */
		B921B8DA20D49549005498A3 /* README.md */ = {isa = PBXFileReference; lastKnownFileType = net.daringfireball.markdown; path = README.md; sourceTree = "<group>"; };
		B921B8DE20D4ADE6005498A3 /* hardening.sh */ = {isa = PBXFileReference; lastKnownFileType = text.script.sh; path = hardening.sh; sourceTree = "<group>"; };
		B921B8E020D541CC005498A3 /* README.md */ = {isa = PBXFileReference; lastKnownFileType = net.daringfireball.markdown; path = README.md; sourceTree = "<group>"; };
		B9EAF81320E1BDD3008FCDAD /* README.md */ = {isa = PBXFileReference; lastKnownFileType = net.daringfireball.markdown; path = README.md; sourceTree = "<group>"; };
		B9EAF81420E1BE1C008FCDAD /* SELinux.sh */ = {isa = PBXFileReference; lastKnownFileType = text.script.sh; path = SELinux.sh; sourceTree = "<group>"; };
/* End PBXFileReference section */

/* Begin PBXGroup section */
		B921B8D320D49502005498A3 = {
			isa = PBXGroup;
			children = (
				B9EAF81220E1BDB7008FCDAD /* SELinux */,
				B921B8DD20D4ADCD005498A3 /* Hardening */,
				B921B8DA20D49549005498A3 /* README.md */,
			);
			sourceTree = "<group>";
		};
		B921B8DD20D4ADCD005498A3 /* Hardening */ = {
			isa = PBXGroup;
			children = (
				B921B8DE20D4ADE6005498A3 /* hardening.sh */,
				B921B8E020D541CC005498A3 /* README.md */,
			);
			path = Hardening;
			sourceTree = "<group>";
		};
		B9EAF81220E1BDB7008FCDAD /* SELinux */ = {
			isa = PBXGroup;
			children = (
				B9EAF81320E1BDD3008FCDAD /* README.md */,
				B9EAF81420E1BE1C008FCDAD /* SELinux.sh */,
			);
			path = SELinux;
			sourceTree = "<group>";
		};
/* End PBXGroup section */

/* Begin PBXProject section */
		B921B8D420D49502005498A3 /* Project object */ = {
			isa = PBXProject;
			attributes = {
				LastUpgradeCheck = 0940;
			};
			buildConfigurationList = B921B8D720D49502005498A3 /* Build configuration list for PBXProject "LinuxSecurity" */;
			compatibilityVersion = "Xcode 9.3";
			developmentRegion = en;
			hasScannedForEncodings = 0;
			knownRegions = (
				en,
			);
			mainGroup = B921B8D320D49502005498A3;
			projectDirPath = "";
			projectRoot = "";
			targets = (
			);
		};
/* End PBXProject section */

/* Begin XCBuildConfiguration section */
		B921B8D820D49502005498A3 /* Debug */ = {
			isa = XCBuildConfiguration;
			buildSettings = {
			};
			name = Debug;
		};
		B921B8D920D49502005498A3 /* Release */ = {
			isa = XCBuildConfiguration;
			buildSettings = {
			};
			name = Release;
		};
/* End XCBuildConfiguration section */

/* Begin XCConfigurationList section */
		B921B8D720D49502005498A3 /* Build configuration list for PBXProject "LinuxSecurity" */ = {
			isa = XCConfigurationList;
			buildConfigurations = (
				B921B8D820D49502005498A3 /* Debug */,
				B921B8D920D49502005498A3 /* Release */,
			);
			defaultConfigurationIsVisible = 0;
			defaultConfigurationName = Release;
		};
/* End XCConfigurationList section */
	};
	rootObject = B921B8D420D49502005498A3 /* Project object */;
}
